// !$*UTF8*$!
{
	archiveVersion = 1;
	classes = {
	};
	objectVersion = 55;
	objects = {

/* Begin PBXBuildFile section */
		C858A36801B2B9CE3B0D90E1 /* Pods_SnapkitTest.framework in Frameworks */ = {isa = PBXBuildFile; fileRef = 3FE8B468ACEFF5C56BBA16FA /* Pods_SnapkitTest.framework */; };
		FA1DD01728ABD7F700394F2E /* Models.swift in Sources */ = {isa = PBXBuildFile; fileRef = FA1DD01628ABD7F700394F2E /* Models.swift */; };
		FA1DD01928ABDA7700394F2E /* ModuleBuilder.swift in Sources */ = {isa = PBXBuildFile; fileRef = FA1DD01828ABDA7700394F2E /* ModuleBuilder.swift */; };
		FA1DD01E28ABE1AE00394F2E /* MainPresenter.swift in Sources */ = {isa = PBXBuildFile; fileRef = FA1DD01D28ABE1AE00394F2E /* MainPresenter.swift */; };
		FA1DD02128ABE29400394F2E /* NetworkService.swift in Sources */ = {isa = PBXBuildFile; fileRef = FA1DD02028ABE29400394F2E /* NetworkService.swift */; };
		FA59059528AA6563004DA270 /* SettingsViewController.swift in Sources */ = {isa = PBXBuildFile; fileRef = FA59059428AA6563004DA270 /* SettingsViewController.swift */; };
		FA59059828AA6609004DA270 /* InformationViewController.swift in Sources */ = {isa = PBXBuildFile; fileRef = FA59059728AA6609004DA270 /* InformationViewController.swift */; };
		FA59059B28AA6E75004DA270 /* InformationTableViewCell.swift in Sources */ = {isa = PBXBuildFile; fileRef = FA59059A28AA6E75004DA270 /* InformationTableViewCell.swift */; };
		FA6D050A2893C35300C65DE3 /* AppDelegate.swift in Sources */ = {isa = PBXBuildFile; fileRef = FA6D05092893C35300C65DE3 /* AppDelegate.swift */; };
		FA6D050C2893C35300C65DE3 /* SceneDelegate.swift in Sources */ = {isa = PBXBuildFile; fileRef = FA6D050B2893C35300C65DE3 /* SceneDelegate.swift */; };
		FA6D050E2893C35300C65DE3 /* MainViewController.swift in Sources */ = {isa = PBXBuildFile; fileRef = FA6D050D2893C35300C65DE3 /* MainViewController.swift */; };
		FA6D05112893C35300C65DE3 /* Main.storyboard in Resources */ = {isa = PBXBuildFile; fileRef = FA6D050F2893C35300C65DE3 /* Main.storyboard */; };
		FA6D05132893C35A00C65DE3 /* Assets.xcassets in Resources */ = {isa = PBXBuildFile; fileRef = FA6D05122893C35A00C65DE3 /* Assets.xcassets */; };
		FA6D05162893C35A00C65DE3 /* LaunchScreen.storyboard in Resources */ = {isa = PBXBuildFile; fileRef = FA6D05142893C35A00C65DE3 /* LaunchScreen.storyboard */; };
		FA6D052728968CD700C65DE3 /* tableViewController.swift in Sources */ = {isa = PBXBuildFile; fileRef = FA6D052528968CD700C65DE3 /* tableViewController.swift */; };
		FA6D052B2896A80800C65DE3 /* NameOfRocketTableViewCell.swift in Sources */ = {isa = PBXBuildFile; fileRef = FA6D052A2896A80800C65DE3 /* NameOfRocketTableViewCell.swift */; };
		FA6D052D2897AEF300C65DE3 /* ParametrsOfRocketTableViewCell.swift in Sources */ = {isa = PBXBuildFile; fileRef = FA6D052C2897AEF300C65DE3 /* ParametrsOfRocketTableViewCell.swift */; };
		FADE5C5A2897CD1900A7DC4C /* ParametrsCollectionViewCell.swift in Sources */ = {isa = PBXBuildFile; fileRef = FADE5C582897CD1900A7DC4C /* ParametrsCollectionViewCell.swift */; };
		FADE5C602897EBBF00A7DC4C /* BasicInformationTableViewCell.swift in Sources */ = {isa = PBXBuildFile; fileRef = FADE5C5F2897EBBF00A7DC4C /* BasicInformationTableViewCell.swift */; };
/* End PBXBuildFile section */

/* Begin PBXFileReference section */
		3FE8B468ACEFF5C56BBA16FA /* Pods_SnapkitTest.framework */ = {isa = PBXFileReference; explicitFileType = wrapper.framework; includeInIndex = 0; path = Pods_SnapkitTest.framework; sourceTree = BUILT_PRODUCTS_DIR; };
		ABE8F817441059C948A204FD /* Pods-SnapkitTest.release.xcconfig */ = {isa = PBXFileReference; includeInIndex = 1; lastKnownFileType = text.xcconfig; name = "Pods-SnapkitTest.release.xcconfig"; path = "Target Support Files/Pods-SnapkitTest/Pods-SnapkitTest.release.xcconfig"; sourceTree = "<group>"; };
		B345C7017E0F162EE1F49647 /* Pods-SnapkitTest.debug.xcconfig */ = {isa = PBXFileReference; includeInIndex = 1; lastKnownFileType = text.xcconfig; name = "Pods-SnapkitTest.debug.xcconfig"; path = "Target Support Files/Pods-SnapkitTest/Pods-SnapkitTest.debug.xcconfig"; sourceTree = "<group>"; };
		FA1DD01628ABD7F700394F2E /* Models.swift */ = {isa = PBXFileReference; lastKnownFileType = sourcecode.swift; path = Models.swift; sourceTree = "<group>"; };
		FA1DD01828ABDA7700394F2E /* ModuleBuilder.swift */ = {isa = PBXFileReference; lastKnownFileType = sourcecode.swift; path = ModuleBuilder.swift; sourceTree = "<group>"; };
		FA1DD01D28ABE1AE00394F2E /* MainPresenter.swift */ = {isa = PBXFileReference; lastKnownFileType = sourcecode.swift; path = MainPresenter.swift; sourceTree = "<group>"; };
		FA1DD02028ABE29400394F2E /* NetworkService.swift */ = {isa = PBXFileReference; lastKnownFileType = sourcecode.swift; path = NetworkService.swift; sourceTree = "<group>"; };
		FA59059428AA6563004DA270 /* SettingsViewController.swift */ = {isa = PBXFileReference; lastKnownFileType = sourcecode.swift; path = SettingsViewController.swift; sourceTree = "<group>"; };
		FA59059728AA6609004DA270 /* InformationViewController.swift */ = {isa = PBXFileReference; lastKnownFileType = sourcecode.swift; path = InformationViewController.swift; sourceTree = "<group>"; };
		FA59059A28AA6E75004DA270 /* InformationTableViewCell.swift */ = {isa = PBXFileReference; lastKnownFileType = sourcecode.swift; path = InformationTableViewCell.swift; sourceTree = "<group>"; };
		FA6D05062893C35300C65DE3 /* SnapkitTest.app */ = {isa = PBXFileReference; explicitFileType = wrapper.application; includeInIndex = 0; path = SnapkitTest.app; sourceTree = BUILT_PRODUCTS_DIR; };
		FA6D05092893C35300C65DE3 /* AppDelegate.swift */ = {isa = PBXFileReference; lastKnownFileType = sourcecode.swift; path = AppDelegate.swift; sourceTree = "<group>"; };
		FA6D050B2893C35300C65DE3 /* SceneDelegate.swift */ = {isa = PBXFileReference; lastKnownFileType = sourcecode.swift; path = SceneDelegate.swift; sourceTree = "<group>"; };
		FA6D050D2893C35300C65DE3 /* MainViewController.swift */ = {isa = PBXFileReference; lastKnownFileType = sourcecode.swift; path = MainViewController.swift; sourceTree = "<group>"; };
		FA6D05102893C35300C65DE3 /* Base */ = {isa = PBXFileReference; lastKnownFileType = file.storyboard; name = Base; path = Base.lproj/Main.storyboard; sourceTree = "<group>"; };
		FA6D05122893C35A00C65DE3 /* Assets.xcassets */ = {isa = PBXFileReference; lastKnownFileType = folder.assetcatalog; path = Assets.xcassets; sourceTree = "<group>"; };
		FA6D05152893C35A00C65DE3 /* Base */ = {isa = PBXFileReference; lastKnownFileType = file.storyboard; name = Base; path = Base.lproj/LaunchScreen.storyboard; sourceTree = "<group>"; };
		FA6D05172893C35A00C65DE3 /* Info.plist */ = {isa = PBXFileReference; lastKnownFileType = text.plist.xml; path = Info.plist; sourceTree = "<group>"; };
		FA6D052528968CD700C65DE3 /* tableViewController.swift */ = {isa = PBXFileReference; lastKnownFileType = sourcecode.swift; path = tableViewController.swift; sourceTree = "<group>"; };
		FA6D052A2896A80800C65DE3 /* NameOfRocketTableViewCell.swift */ = {isa = PBXFileReference; lastKnownFileType = sourcecode.swift; path = NameOfRocketTableViewCell.swift; sourceTree = "<group>"; };
		FA6D052C2897AEF300C65DE3 /* ParametrsOfRocketTableViewCell.swift */ = {isa = PBXFileReference; lastKnownFileType = sourcecode.swift; path = ParametrsOfRocketTableViewCell.swift; sourceTree = "<group>"; };
		FADE5C582897CD1900A7DC4C /* ParametrsCollectionViewCell.swift */ = {isa = PBXFileReference; lastKnownFileType = sourcecode.swift; path = ParametrsCollectionViewCell.swift; sourceTree = "<group>"; };
		FADE5C5F2897EBBF00A7DC4C /* BasicInformationTableViewCell.swift */ = {isa = PBXFileReference; lastKnownFileType = sourcecode.swift; path = BasicInformationTableViewCell.swift; sourceTree = "<group>"; };
/* End PBXFileReference section */

/* Begin PBXFrameworksBuildPhase section */
		FA6D05032893C35300C65DE3 /* Frameworks */ = {
			isa = PBXFrameworksBuildPhase;
			buildActionMask = 2147483647;
			files = (
				C858A36801B2B9CE3B0D90E1 /* Pods_SnapkitTest.framework in Frameworks */,
			);
			runOnlyForDeploymentPostprocessing = 0;
		};
/* End PBXFrameworksBuildPhase section */

/* Begin PBXGroup section */
		CC446782DAAAFDD7ABFEACDD /* Frameworks */ = {
			isa = PBXGroup;
			children = (
				3FE8B468ACEFF5C56BBA16FA /* Pods_SnapkitTest.framework */,
			);
			name = Frameworks;
			sourceTree = "<group>";
		};
		FA1DD01A28ABE17900394F2E /* View */ = {
			isa = PBXGroup;
			children = (
				FA6D050D2893C35300C65DE3 /* MainViewController.swift */,
				FA6D052528968CD700C65DE3 /* tableViewController.swift */,
				FA6D052E2897B5E400C65DE3 /* CollectionViewCell */,
				FA6D05292896A7DE00C65DE3 /* TableViewCells */,
			);
			path = View;
			sourceTree = "<group>";
		};
		FA1DD01B28ABE18200394F2E /* Model */ = {
			isa = PBXGroup;
			children = (
				FA1DD01628ABD7F700394F2E /* Models.swift */,
			);
			path = Model;
			sourceTree = "<group>";
		};
		FA1DD01C28ABE18F00394F2E /* Presenter */ = {
			isa = PBXGroup;
			children = (
				FA1DD01D28ABE1AE00394F2E /* MainPresenter.swift */,
			);
			path = Presenter;
			sourceTree = "<group>";
		};
		FA1DD01F28ABE27B00394F2E /* NetworLayer */ = {
			isa = PBXGroup;
			children = (
				FA1DD02028ABE29400394F2E /* NetworkService.swift */,
			);
			path = NetworLayer;
			sourceTree = "<group>";
		};
		FA2DC6933660A2424B50D33B /* Pods */ = {
			isa = PBXGroup;
			children = (
				B345C7017E0F162EE1F49647 /* Pods-SnapkitTest.debug.xcconfig */,
				ABE8F817441059C948A204FD /* Pods-SnapkitTest.release.xcconfig */,
			);
			path = Pods;
			sourceTree = "<group>";
		};
		FA59059228AA64C1004DA270 /* mainModule */ = {
			isa = PBXGroup;
			children = (
				FA1DD01C28ABE18F00394F2E /* Presenter */,
				FA1DD01A28ABE17900394F2E /* View */,
				FA1DD01B28ABE18200394F2E /* Model */,
			);
			path = mainModule;
			sourceTree = "<group>";
		};
		FA59059328AA6519004DA270 /* settingsModule */ = {
			isa = PBXGroup;
			children = (
				FA59059428AA6563004DA270 /* SettingsViewController.swift */,
			);
			path = settingsModule;
			sourceTree = "<group>";
		};
		FA59059628AA6581004DA270 /* informationModule */ = {
			isa = PBXGroup;
			children = (
				FA59059928AA698C004DA270 /* tableViewCell */,
				FA59059728AA6609004DA270 /* InformationViewController.swift */,
			);
			path = informationModule;
			sourceTree = "<group>";
		};
		FA59059928AA698C004DA270 /* tableViewCell */ = {
			isa = PBXGroup;
			children = (
				FA59059A28AA6E75004DA270 /* InformationTableViewCell.swift */,
			);
			path = tableViewCell;
			sourceTree = "<group>";
		};
		FA6D04FD2893C35300C65DE3 = {
			isa = PBXGroup;
			children = (
				FA6D05082893C35300C65DE3 /* SnapkitTest */,
				FA6D05072893C35300C65DE3 /* Products */,
				FA2DC6933660A2424B50D33B /* Pods */,
				CC446782DAAAFDD7ABFEACDD /* Frameworks */,
			);
			sourceTree = "<group>";
		};
		FA6D05072893C35300C65DE3 /* Products */ = {
			isa = PBXGroup;
			children = (
				FA6D05062893C35300C65DE3 /* SnapkitTest.app */,
			);
			name = Products;
			sourceTree = "<group>";
		};
		FA6D05082893C35300C65DE3 /* SnapkitTest */ = {
			isa = PBXGroup;
			children = (
				FA1DD01F28ABE27B00394F2E /* NetworLayer */,
				FA59059628AA6581004DA270 /* informationModule */,
				FA59059328AA6519004DA270 /* settingsModule */,
				FA59059228AA64C1004DA270 /* mainModule */,
				FA6D05092893C35300C65DE3 /* AppDelegate.swift */,
				FA6D050B2893C35300C65DE3 /* SceneDelegate.swift */,
				FA1DD01828ABDA7700394F2E /* ModuleBuilder.swift */,
				FA6D050F2893C35300C65DE3 /* Main.storyboard */,
				FA6D05122893C35A00C65DE3 /* Assets.xcassets */,
				FA6D05142893C35A00C65DE3 /* LaunchScreen.storyboard */,
				FA6D05172893C35A00C65DE3 /* Info.plist */,
			);
			path = SnapkitTest;
			sourceTree = "<group>";
		};
		FA6D05292896A7DE00C65DE3 /* TableViewCells */ = {
			isa = PBXGroup;
			children = (
				FADE5C5E2897EB7900A7DC4C /* BasicInformation */,
				FADE5C5C2897EB5F00A7DC4C /* NameRocket */,
				FADE5C5D2897EB6C00A7DC4C /* Parametrs */,
			);
			path = TableViewCells;
			sourceTree = "<group>";
		};
		FA6D052E2897B5E400C65DE3 /* CollectionViewCell */ = {
			isa = PBXGroup;
			children = (
				FADE5C582897CD1900A7DC4C /* ParametrsCollectionViewCell.swift */,
			);
			path = CollectionViewCell;
			sourceTree = "<group>";
		};
		FADE5C5C2897EB5F00A7DC4C /* NameRocket */ = {
			isa = PBXGroup;
			children = (
				FA6D052A2896A80800C65DE3 /* NameOfRocketTableViewCell.swift */,
			);
			path = NameRocket;
			sourceTree = "<group>";
		};
		FADE5C5D2897EB6C00A7DC4C /* Parametrs */ = {
			isa = PBXGroup;
			children = (
				FA6D052C2897AEF300C65DE3 /* ParametrsOfRocketTableViewCell.swift */,
			);
			path = Parametrs;
			sourceTree = "<group>";
		};
		FADE5C5E2897EB7900A7DC4C /* BasicInformation */ = {
			isa = PBXGroup;
			children = (
				FADE5C5F2897EBBF00A7DC4C /* BasicInformationTableViewCell.swift */,
			);
			path = BasicInformation;
			sourceTree = "<group>";
		};
/* End PBXGroup section */

/* Begin PBXNativeTarget section */
		FA6D05052893C35300C65DE3 /* SnapkitTest */ = {
			isa = PBXNativeTarget;
			buildConfigurationList = FA6D051A2893C35A00C65DE3 /* Build configuration list for PBXNativeTarget "SnapkitTest" */;
			buildPhases = (
				BD90BB26F5FFABE3ED5A72E9 /* [CP] Check Pods Manifest.lock */,
				FA6D05022893C35300C65DE3 /* Sources */,
				FA6D05032893C35300C65DE3 /* Frameworks */,
				FA6D05042893C35300C65DE3 /* Resources */,
				819E8AA50E5D7EC1239C1680 /* [CP] Embed Pods Frameworks */,
			);
			buildRules = (
			);
			dependencies = (
			);
			name = SnapkitTest;
			productName = SnapkitTest;
			productReference = FA6D05062893C35300C65DE3 /* SnapkitTest.app */;
			productType = "com.apple.product-type.application";
		};
/* End PBXNativeTarget section */

/* Begin PBXProject section */
		FA6D04FE2893C35300C65DE3 /* Project object */ = {
			isa = PBXProject;
			attributes = {
				BuildIndependentTargetsInParallel = 1;
				LastSwiftUpdateCheck = 1310;
				LastUpgradeCheck = 1310;
				TargetAttributes = {
					FA6D05052893C35300C65DE3 = {
						CreatedOnToolsVersion = 13.1;
					};
				};
			};
			buildConfigurationList = FA6D05012893C35300C65DE3 /* Build configuration list for PBXProject "SnapkitTest" */;
			compatibilityVersion = "Xcode 13.0";
			developmentRegion = en;
			hasScannedForEncodings = 0;
			knownRegions = (
				en,
				Base,
			);
			mainGroup = FA6D04FD2893C35300C65DE3;
			productRefGroup = FA6D05072893C35300C65DE3 /* Products */;
			projectDirPath = "";
			projectRoot = "";
			targets = (
				FA6D05052893C35300C65DE3 /* SnapkitTest */,
			);
		};
/* End PBXProject section */

/* Begin PBXResourcesBuildPhase section */
		FA6D05042893C35300C65DE3 /* Resources */ = {
			isa = PBXResourcesBuildPhase;
			buildActionMask = 2147483647;
			files = (
				FA6D05162893C35A00C65DE3 /* LaunchScreen.storyboard in Resources */,
				FA6D05132893C35A00C65DE3 /* Assets.xcassets in Resources */,
				FA6D05112893C35300C65DE3 /* Main.storyboard in Resources */,
			);
			runOnlyForDeploymentPostprocessing = 0;
		};
/* End PBXResourcesBuildPhase section */

/* Begin PBXShellScriptBuildPhase section */
		819E8AA50E5D7EC1239C1680 /* [CP] Embed Pods Frameworks */ = {
			isa = PBXShellScriptBuildPhase;
			buildActionMask = 2147483647;
			files = (
			);
			inputFileListPaths = (
				"${PODS_ROOT}/Target Support Files/Pods-SnapkitTest/Pods-SnapkitTest-frameworks-${CONFIGURATION}-input-files.xcfilelist",
			);
			name = "[CP] Embed Pods Frameworks";
			outputFileListPaths = (
				"${PODS_ROOT}/Target Support Files/Pods-SnapkitTest/Pods-SnapkitTest-frameworks-${CONFIGURATION}-output-files.xcfilelist",
			);
			runOnlyForDeploymentPostprocessing = 0;
			shellPath = /bin/sh;
			shellScript = "\"${PODS_ROOT}/Target Support Files/Pods-SnapkitTest/Pods-SnapkitTest-frameworks.sh\"\n";
			showEnvVarsInLog = 0;
		};
		BD90BB26F5FFABE3ED5A72E9 /* [CP] Check Pods Manifest.lock */ = {
			isa = PBXShellScriptBuildPhase;
			buildActionMask = 2147483647;
			files = (
			);
			inputFileListPaths = (
			);
			inputPaths = (
				"${PODS_PODFILE_DIR_PATH}/Podfile.lock",
				"${PODS_ROOT}/Manifest.lock",
			);
			name = "[CP] Check Pods Manifest.lock";
			outputFileListPaths = (
			);
			outputPaths = (
				"$(DERIVED_FILE_DIR)/Pods-SnapkitTest-checkManifestLockResult.txt",
			);
			runOnlyForDeploymentPostprocessing = 0;
			shellPath = /bin/sh;
			shellScript = "diff \"${PODS_PODFILE_DIR_PATH}/Podfile.lock\" \"${PODS_ROOT}/Manifest.lock\" > /dev/null\nif [ $? != 0 ] ; then\n    # print error to STDERR\n    echo \"error: The sandbox is not in sync with the Podfile.lock. Run 'pod install' or update your CocoaPods installation.\" >&2\n    exit 1\nfi\n# This output is used by Xcode 'outputs' to avoid re-running this script phase.\necho \"SUCCESS\" > \"${SCRIPT_OUTPUT_FILE_0}\"\n";
			showEnvVarsInLog = 0;
		};
/* End PBXShellScriptBuildPhase section */

/* Begin PBXSourcesBuildPhase section */
		FA6D05022893C35300C65DE3 /* Sources */ = {
			isa = PBXSourcesBuildPhase;
			buildActionMask = 2147483647;
			files = (
				FA6D052D2897AEF300C65DE3 /* ParametrsOfRocketTableViewCell.swift in Sources */,
				FA1DD01928ABDA7700394F2E /* ModuleBuilder.swift in Sources */,
				FA59059B28AA6E75004DA270 /* InformationTableViewCell.swift in Sources */,
				FADE5C602897EBBF00A7DC4C /* BasicInformationTableViewCell.swift in Sources */,
				FA1DD01728ABD7F700394F2E /* Models.swift in Sources */,
				FA1DD01E28ABE1AE00394F2E /* MainPresenter.swift in Sources */,
				FA6D052B2896A80800C65DE3 /* NameOfRocketTableViewCell.swift in Sources */,
				FA6D050E2893C35300C65DE3 /* MainViewController.swift in Sources */,
				FA6D050A2893C35300C65DE3 /* AppDelegate.swift in Sources */,
				FA6D050C2893C35300C65DE3 /* SceneDelegate.swift in Sources */,
				FA1DD02128ABE29400394F2E /* NetworkService.swift in Sources */,
				FADE5C5A2897CD1900A7DC4C /* ParametrsCollectionViewCell.swift in Sources */,
				FA6D052728968CD700C65DE3 /* tableViewController.swift in Sources */,
				FA59059528AA6563004DA270 /* SettingsViewController.swift in Sources */,
				FA59059828AA6609004DA270 /* InformationViewController.swift in Sources */,
			);
			runOnlyForDeploymentPostprocessing = 0;
		};
/* End PBXSourcesBuildPhase section */

/* Begin PBXVariantGroup section */
		FA6D050F2893C35300C65DE3 /* Main.storyboard */ = {
			isa = PBXVariantGroup;
			children = (
				FA6D05102893C35300C65DE3 /* Base */,
			);
			name = Main.storyboard;
			sourceTree = "<group>";
		};
		FA6D05142893C35A00C65DE3 /* LaunchScreen.storyboard */ = {
			isa = PBXVariantGroup;
			children = (
				FA6D05152893C35A00C65DE3 /* Base */,
			);
			name = LaunchScreen.storyboard;
			sourceTree = "<group>";
		};
/* End PBXVariantGroup section */

/* Begin XCBuildConfiguration section */
		FA6D05182893C35A00C65DE3 /* Debug */ = {
			isa = XCBuildConfiguration;
			buildSettings = {
				ALWAYS_SEARCH_USER_PATHS = NO;
				CLANG_ANALYZER_NONNULL = YES;
				CLANG_ANALYZER_NUMBER_OBJECT_CONVERSION = YES_AGGRESSIVE;
				CLANG_CXX_LANGUAGE_STANDARD = "gnu++17";
				CLANG_CXX_LIBRARY = "libc++";
				CLANG_ENABLE_MODULES = YES;
				CLANG_ENABLE_OBJC_ARC = YES;
				CLANG_ENABLE_OBJC_WEAK = YES;
				CLANG_WARN_BLOCK_CAPTURE_AUTORELEASING = YES;
				CLANG_WARN_BOOL_CONVERSION = YES;
				CLANG_WARN_COMMA = YES;
				CLANG_WARN_CONSTANT_CONVERSION = YES;
				CLANG_WARN_DEPRECATED_OBJC_IMPLEMENTATIONS = YES;
				CLANG_WARN_DIRECT_OBJC_ISA_USAGE = YES_ERROR;
				CLANG_WARN_DOCUMENTATION_COMMENTS = YES;
				CLANG_WARN_EMPTY_BODY = YES;
				CLANG_WARN_ENUM_CONVERSION = YES;
				CLANG_WARN_INFINITE_RECURSION = YES;
				CLANG_WARN_INT_CONVERSION = YES;
				CLANG_WARN_NON_LITERAL_NULL_CONVERSION = YES;
				CLANG_WARN_OBJC_IMPLICIT_RETAIN_SELF = YES;
				CLANG_WARN_OBJC_LITERAL_CONVERSION = YES;
				CLANG_WARN_OBJC_ROOT_CLASS = YES_ERROR;
				CLANG_WARN_QUOTED_INCLUDE_IN_FRAMEWORK_HEADER = YES;
				CLANG_WARN_RANGE_LOOP_ANALYSIS = YES;
				CLANG_WARN_STRICT_PROTOTYPES = YES;
				CLANG_WARN_SUSPICIOUS_MOVE = YES;
				CLANG_WARN_UNGUARDED_AVAILABILITY = YES_AGGRESSIVE;
				CLANG_WARN_UNREACHABLE_CODE = YES;
				CLANG_WARN__DUPLICATE_METHOD_MATCH = YES;
				COPY_PHASE_STRIP = NO;
				DEBUG_INFORMATION_FORMAT = dwarf;
				ENABLE_STRICT_OBJC_MSGSEND = YES;
				ENABLE_TESTABILITY = YES;
				GCC_C_LANGUAGE_STANDARD = gnu11;
				GCC_DYNAMIC_NO_PIC = NO;
				GCC_NO_COMMON_BLOCKS = YES;
				GCC_OPTIMIZATION_LEVEL = 0;
				GCC_PREPROCESSOR_DEFINITIONS = (
					"DEBUG=1",
					"$(inherited)",
				);
				GCC_WARN_64_TO_32_BIT_CONVERSION = YES;
				GCC_WARN_ABOUT_RETURN_TYPE = YES_ERROR;
				GCC_WARN_UNDECLARED_SELECTOR = YES;
				GCC_WARN_UNINITIALIZED_AUTOS = YES_AGGRESSIVE;
				GCC_WARN_UNUSED_FUNCTION = YES;
				GCC_WARN_UNUSED_VARIABLE = YES;
				IPHONEOS_DEPLOYMENT_TARGET = 15.0;
				MTL_ENABLE_DEBUG_INFO = INCLUDE_SOURCE;
				MTL_FAST_MATH = YES;
				ONLY_ACTIVE_ARCH = YES;
				SDKROOT = iphoneos;
				SWIFT_ACTIVE_COMPILATION_CONDITIONS = DEBUG;
				SWIFT_OPTIMIZATION_LEVEL = "-Onone";
			};
			name = Debug;
		};
		FA6D05192893C35A00C65DE3 /* Release */ = {
			isa = XCBuildConfiguration;
			buildSettings = {
				ALWAYS_SEARCH_USER_PATHS = NO;
				CLANG_ANALYZER_NONNULL = YES;
				CLANG_ANALYZER_NUMBER_OBJECT_CONVERSION = YES_AGGRESSIVE;
				CLANG_CXX_LANGUAGE_STANDARD = "gnu++17";
				CLANG_CXX_LIBRARY = "libc++";
				CLANG_ENABLE_MODULES = YES;
				CLANG_ENABLE_OBJC_ARC = YES;
				CLANG_ENABLE_OBJC_WEAK = YES;
				CLANG_WARN_BLOCK_CAPTURE_AUTORELEASING = YES;
				CLANG_WARN_BOOL_CONVERSION = YES;
				CLANG_WARN_COMMA = YES;
				CLANG_WARN_CONSTANT_CONVERSION = YES;
				CLANG_WARN_DEPRECATED_OBJC_IMPLEMENTATIONS = YES;
				CLANG_WARN_DIRECT_OBJC_ISA_USAGE = YES_ERROR;
				CLANG_WARN_DOCUMENTATION_COMMENTS = YES;
				CLANG_WARN_EMPTY_BODY = YES;
				CLANG_WARN_ENUM_CONVERSION = YES;
				CLANG_WARN_INFINITE_RECURSION = YES;
				CLANG_WARN_INT_CONVERSION = YES;
				CLANG_WARN_NON_LITERAL_NULL_CONVERSION = YES;
				CLANG_WARN_OBJC_IMPLICIT_RETAIN_SELF = YES;
				CLANG_WARN_OBJC_LITERAL_CONVERSION = YES;
				CLANG_WARN_OBJC_ROOT_CLASS = YES_ERROR;
				CLANG_WARN_QUOTED_INCLUDE_IN_FRAMEWORK_HEADER = YES;
				CLANG_WARN_RANGE_LOOP_ANALYSIS = YES;
				CLANG_WARN_STRICT_PROTOTYPES = YES;
				CLANG_WARN_SUSPICIOUS_MOVE = YES;
				CLANG_WARN_UNGUARDED_AVAILABILITY = YES_AGGRESSIVE;
				CLANG_WARN_UNREACHABLE_CODE = YES;
				CLANG_WARN__DUPLICATE_METHOD_MATCH = YES;
				COPY_PHASE_STRIP = NO;
				DEBUG_INFORMATION_FORMAT = "dwarf-with-dsym";
				ENABLE_NS_ASSERTIONS = NO;
				ENABLE_STRICT_OBJC_MSGSEND = YES;
				GCC_C_LANGUAGE_STANDARD = gnu11;
				GCC_NO_COMMON_BLOCKS = YES;
				GCC_WARN_64_TO_32_BIT_CONVERSION = YES;
				GCC_WARN_ABOUT_RETURN_TYPE = YES_ERROR;
				GCC_WARN_UNDECLARED_SELECTOR = YES;
				GCC_WARN_UNINITIALIZED_AUTOS = YES_AGGRESSIVE;
				GCC_WARN_UNUSED_FUNCTION = YES;
				GCC_WARN_UNUSED_VARIABLE = YES;
				IPHONEOS_DEPLOYMENT_TARGET = 15.0;
				MTL_ENABLE_DEBUG_INFO = NO;
				MTL_FAST_MATH = YES;
				SDKROOT = iphoneos;
				SWIFT_COMPILATION_MODE = wholemodule;
				SWIFT_OPTIMIZATION_LEVEL = "-O";
				VALIDATE_PRODUCT = YES;
			};
			name = Release;
		};
		FA6D051B2893C35A00C65DE3 /* Debug */ = {
			isa = XCBuildConfiguration;
			baseConfigurationReference = B345C7017E0F162EE1F49647 /* Pods-SnapkitTest.debug.xcconfig */;
			buildSettings = {
				ASSETCATALOG_COMPILER_APPICON_NAME = AppIcon;
				ASSETCATALOG_COMPILER_GLOBAL_ACCENT_COLOR_NAME = AccentColor;
				CODE_SIGN_STYLE = Automatic;
				CURRENT_PROJECT_VERSION = 1;
				DEVELOPMENT_TEAM = 4CP2L725RU;
				GENERATE_INFOPLIST_FILE = YES;
				INFOPLIST_FILE = SnapkitTest/Info.plist;
				INFOPLIST_KEY_UIApplicationSupportsIndirectInputEvents = YES;
				INFOPLIST_KEY_UILaunchStoryboardName = LaunchScreen;
				INFOPLIST_KEY_UIMainStoryboardFile = Main;
				INFOPLIST_KEY_UISupportedInterfaceOrientations_iPad = "UIInterfaceOrientationPortrait UIInterfaceOrientationPortraitUpsideDown UIInterfaceOrientationLandscapeLeft UIInterfaceOrientationLandscapeRight";
				INFOPLIST_KEY_UISupportedInterfaceOrientations_iPhone = "UIInterfaceOrientationPortrait UIInterfaceOrientationLandscapeLeft UIInterfaceOrientationLandscapeRight";
				LD_RUNPATH_SEARCH_PATHS = (
					"$(inherited)",
					"@executable_path/Frameworks",
				);
				MARKETING_VERSION = 1.0;
				PRODUCT_BUNDLE_IDENTIFIER = Alex.SnapkitTest;
				PRODUCT_NAME = "$(TARGET_NAME)";
				SWIFT_EMIT_LOC_STRINGS = YES;
				SWIFT_VERSION = 5.0;
				TARGETED_DEVICE_FAMILY = "1,2";
			};
			name = Debug;
		};
		FA6D051C2893C35A00C65DE3 /* Release */ = {
			isa = XCBuildConfiguration;
			baseConfigurationReference = ABE8F817441059C948A204FD /* Pods-SnapkitTest.release.xcconfig */;
			buildSettings = {
				ASSETCATALOG_COMPILER_APPICON_NAME = AppIcon;
				ASSETCATALOG_COMPILER_GLOBAL_ACCENT_COLOR_NAME = AccentColor;
				CODE_SIGN_STYLE = Automatic;
				CURRENT_PROJECT_VERSION = 1;
				DEVELOPMENT_TEAM = 4CP2L725RU;
				GENERATE_INFOPLIST_FILE = YES;
				INFOPLIST_FILE = SnapkitTest/Info.plist;
				INFOPLIST_KEY_UIApplicationSupportsIndirectInputEvents = YES;
				INFOPLIST_KEY_UILaunchStoryboardName = LaunchScreen;
				INFOPLIST_KEY_UIMainStoryboardFile = Main;
				INFOPLIST_KEY_UISupportedInterfaceOrientations_iPad = "UIInterfaceOrientationPortrait UIInterfaceOrientationPortraitUpsideDown UIInterfaceOrientationLandscapeLeft UIInterfaceOrientationLandscapeRight";
				INFOPLIST_KEY_UISupportedInterfaceOrientations_iPhone = "UIInterfaceOrientationPortrait UIInterfaceOrientationLandscapeLeft UIInterfaceOrientationLandscapeRight";
				LD_RUNPATH_SEARCH_PATHS = (
					"$(inherited)",
					"@executable_path/Frameworks",
				);
				MARKETING_VERSION = 1.0;
				PRODUCT_BUNDLE_IDENTIFIER = Alex.SnapkitTest;
				PRODUCT_NAME = "$(TARGET_NAME)";
				SWIFT_EMIT_LOC_STRINGS = YES;
				SWIFT_VERSION = 5.0;
				TARGETED_DEVICE_FAMILY = "1,2";
			};
			name = Release;
		};
/* End XCBuildConfiguration section */

/* Begin XCConfigurationList section */
		FA6D05012893C35300C65DE3 /* Build configuration list for PBXProject "SnapkitTest" */ = {
			isa = XCConfigurationList;
			buildConfigurations = (
				FA6D05182893C35A00C65DE3 /* Debug */,
				FA6D05192893C35A00C65DE3 /* Release */,
			);
			defaultConfigurationIsVisible = 0;
			defaultConfigurationName = Release;
		};
		FA6D051A2893C35A00C65DE3 /* Build configuration list for PBXNativeTarget "SnapkitTest" */ = {
			isa = XCConfigurationList;
			buildConfigurations = (
				FA6D051B2893C35A00C65DE3 /* Debug */,
				FA6D051C2893C35A00C65DE3 /* Release */,
			);
			defaultConfigurationIsVisible = 0;
			defaultConfigurationName = Release;
		};
/* End XCConfigurationList section */
	};
	rootObject = FA6D04FE2893C35300C65DE3 /* Project object */;
}
